{
  "nodes": {
    "ghc912X": {
      "flake": false,
      "locked": {
        "lastModified": 1739998238,
        "narHash": "sha256-CgmWnocb0K2fy89koME7H2tTFEOhjxZ9G+C+PQDKoZA=",
        "ref": "ghc-9.12",
        "rev": "a73d6c7f5d18dc6b5366a9b87a899978fadfb2ab",
        "revCount": 67541,
        "submodules": true,
        "type": "git",
        "url": "https://gitlab.haskell.org/ghc/ghc"
      },
      "original": {
        "ref": "ghc-9.12",
        "submodules": true,
        "type": "git",
        "url": "https://gitlab.haskell.org/ghc/ghc"
      }
    },
    "root": {
      "inputs": {
        "ghc912X": "ghc912X"
      }
    }
  },
  "root": "root",
  "version": 7
}
