{
  "nodes": {
    "ghc913": {
      "flake": false,
      "locked": {
        "lastModified": 1730499133,
        "narHash": "sha256-vROyv1V9bxMblJukZmg79ArEcRSwAWk/4JXlMRgfCqg=",
        "ref": "refs/heads/master",
        "rev": "778ac793289934eb89f904cee4b8d4162b0539fa",
        "revCount": 67494,
        "submodules": true,
        "type": "git",
        "url": "https://gitlab.haskell.org/ghc/ghc"
      },
      "original": {
        "submodules": true,
        "type": "git",
        "url": "https://gitlab.haskell.org/ghc/ghc"
      }
    },
    "root": {
      "inputs": {
        "ghc913": "ghc913"
      }
    }
  },
  "root": "root",
  "version": 7
}
