{
  "nodes": {
    "ghc913": {
      "flake": false,
      "locked": {
        "lastModified": 1733355534,
        "narHash": "sha256-PageaLktt62dId3+HGy2nePmYgPwd4YUgESC/gm7DPM=",
        "ref": "refs/heads/master",
        "rev": "cad6fede4252aeff3a0a93e81c2188a825ab39c6",
        "revCount": 67629,
        "submodules": true,
        "type": "git",
        "url": "https://gitlab.haskell.org/ghc/ghc"
      },
      "original": {
        "submodules": true,
        "type": "git",
        "url": "https://gitlab.haskell.org/ghc/ghc"
      }
    },
    "root": {
      "inputs": {
        "ghc913": "ghc913"
      }
    }
  },
  "root": "root",
  "version": 7
}
