{
  "nodes": {
    "ghc942": {
      "flake": false,
      "locked": {
        "lastModified": 1661012429,
        "narHash": "sha256-kOBvDGAQ9TKWrlO7l5E+Fdq8q/pgIJEMJBkKgqx7KI0=",
        "ref": "ghc-9.4.2-iog",
        "rev": "e8a889a7fc670532a3bf883a3e25acba92e6e6e1",
        "revCount": 59603,
        "submodules": true,
        "type": "git",
        "url": "https://github.com/stable-haskell/ghc"
      },
      "original": {
        "ref": "ghc-9.4.2-iog",
        "submodules": true,
        "type": "git",
        "url": "https://github.com/stable-haskell/ghc"
      }
    },
    "root": {
      "inputs": {
        "ghc942": "ghc942"
      }
    }
  },
  "root": "root",
  "version": 7
}
