{
  "nodes": {
    "nixpkgs": {
      "locked": {
        "lastModified": 1608007629,
        "narHash": "sha256-lipVFC/a2pzzA5X2ULj64je+fz1JIp2XRrB5qyoizpQ=",
        "owner": "NixOS",
        "repo": "nixpkgs",
        "rev": "f02bf8ffb9a5ec5e8f6f66f1e5544fd2aa1a0693",
        "type": "github"
      },
      "original": {
        "owner": "NixOS",
        "repo": "nixpkgs",
        "rev": "f02bf8ffb9a5ec5e8f6f66f1e5544fd2aa1a0693",
        "type": "github"
      }
    },
    "root": {
      "inputs": {
        "nixpkgs": "nixpkgs"
      }
    }
  },
  "root": "root",
  "version": 7
}
