{
  "nodes": {
    "ghc914X": {
      "flake": false,
      "locked": {
        "lastModified": 1756642010,
        "narHash": "sha256-/D0sbA0IZfriRVm33aSSI8BfNWVm6iN55c2BWvD8o9c=",
        "ref": "stable-ghc-9.14",
        "rev": "cd3acfefd04e31fb8964e9fcc44bac35600ec647",
        "revCount": 68289,
        "submodules": true,
        "type": "git",
        "url": "https://github.com/stable-haskell/ghc"
      },
      "original": {
        "ref": "stable-ghc-9.14",
        "submodules": true,
        "type": "git",
        "url": "https://github.com/stable-haskell/ghc"
      }
    },
    "root": {
      "inputs": {
        "ghc914X": "ghc914X"
      }
    }
  },
  "root": "root",
  "version": 7
}
