{
  "nodes": {
    "ghc914X": {
      "flake": false,
      "locked": {
        "lastModified": 1755570652,
        "narHash": "sha256-FrtOFm4OKwostoVocUP7qm+9NL7mNk/162W1KkxBwmE=",
        "ref": "ghc-9.14",
        "rev": "fca42ecfd273c8db52f43084a9c5e5b50507fa90",
        "revCount": 68269,
        "submodules": true,
        "type": "git",
        "url": "https://gitlab.haskell.org/ghc/ghc"
      },
      "original": {
        "ref": "ghc-9.14",
        "submodules": true,
        "type": "git",
        "url": "https://gitlab.haskell.org/ghc/ghc"
      }
    },
    "root": {
      "inputs": {
        "ghc914X": "ghc914X"
      }
    }
  },
  "root": "root",
  "version": 7
}
