{
  "nodes": {
    "ghc915": {
      "flake": false,
      "locked": {
        "lastModified": 1756545051,
        "narHash": "sha256-YJNqnJTJwW/WCubGpwMl6YcbNcC8w44O9GKvIcUNfj0=",
        "ref": "refs/heads/master",
        "rev": "fb9cc8825f37b1d7f1bc19d5a5c1425c7613e81a",
        "revCount": 68375,
        "submodules": true,
        "type": "git",
        "url": "https://gitlab.haskell.org/ghc/ghc"
      },
      "original": {
        "submodules": true,
        "type": "git",
        "url": "https://gitlab.haskell.org/ghc/ghc"
      }
    },
    "root": {
      "inputs": {
        "ghc915": "ghc915"
      }
    }
  },
  "root": "root",
  "version": 7
}
