{
  "nodes": {
    "ghc915": {
      "flake": false,
      "locked": {
        "lastModified": 1768407146,
        "narHash": "sha256-A+qJcVOX6s/S/javefB4y5F75yxYH+ex/VZ1rNHV87o=",
        "ref": "refs/heads/master",
        "rev": "5e1cd595b98fc153beaea795ee079f3f5faf6fd9",
        "revCount": 68825,
        "submodules": true,
        "type": "git",
        "url": "https://gitlab.haskell.org/ghc/ghc"
      },
      "original": {
        "submodules": true,
        "type": "git",
        "url": "https://gitlab.haskell.org/ghc/ghc"
      }
    },
    "root": {
      "inputs": {
        "ghc915": "ghc915"
      }
    }
  },
  "root": "root",
  "version": 7
}
