{
  "nodes": {
    "ghc915": {
      "flake": false,
      "locked": {
        "lastModified": 1770217026,
        "narHash": "sha256-NEZ+EQHXIAqZd1fc+pAfeT9CbyGuX2O2pUCGjWephjg=",
        "ref": "refs/heads/master",
        "rev": "ea0d1317a630799a6b7bea12b24ef7e1ea6ed512",
        "revCount": 68901,
        "submodules": true,
        "type": "git",
        "url": "https://gitlab.haskell.org/ghc/ghc"
      },
      "original": {
        "submodules": true,
        "type": "git",
        "url": "https://gitlab.haskell.org/ghc/ghc"
      }
    },
    "root": {
      "inputs": {
        "ghc915": "ghc915"
      }
    }
  },
  "root": "root",
  "version": 7
}
