{
  "nodes": {
    "ghc981": {
      "flake": false,
      "locked": {
        "lastModified": 1696643148,
        "narHash": "sha256-E02DfgISH7EvvNAu0BHiPvl1E5FGMDi0pWdNZtIBC9I=",
        "ref": "ghc-9.8.1-iog",
        "rev": "443e870d977b1ab6fc05f47a9a17bc49296adbd6",
        "revCount": 61642,
        "submodules": true,
        "type": "git",
        "url": "https://github.com/stable-haskell/ghc"
      },
      "original": {
        "ref": "ghc-9.8.1-iog",
        "submodules": true,
        "type": "git",
        "url": "https://github.com/stable-haskell/ghc"
      }
    },
    "root": {
      "inputs": {
        "ghc981": "ghc981"
      }
    }
  },
  "root": "root",
  "version": 7
}
