{
  "nodes": {
    "ghc914-sh": {
      "flake": false,
      "locked": {
        "lastModified": 1790647004,
        "narHash": "sha256-aH2dSt++QbC3z+QOSkhQa2qaTZHaaTBws0NHfjkYe1Q=",
        "ref": "stable-ghc-9.14-hn",
        "rev": "e57be3138c11bbae750d49daec7791423e4f74ca",
        "revCount": 68788,
        "type": "git",
        "url": "https://github.com/stable-haskell/ghc"
      },
      "original": {
        "ref": "stable-ghc-9.14-hn",
        "type": "git",
        "url": "https://github.com/stable-haskell/ghc"
      }
    },
    "root": {
      "inputs": {
        "ghc914-sh": "ghc914-sh"
      }
    }
  },
  "root": "root",
  "version": 7
}
