{
  "nodes": {
    "ghc914-sh": {
      "flake": false,
      "locked": {
        "lastModified": 1790644647,
        "narHash": "sha256-/beRMwToVTzB4E3j6idnV4Gs2ad0XL5qZPupnIFFI1o=",
        "ref": "hkm/pic-jump-table-split-sections",
        "rev": "cbd79fd7c68da7745f4cdbc856663bdfa6bf9b39",
        "revCount": 68550,
        "type": "git",
        "url": "https://github.com/stable-haskell/ghc"
      },
      "original": {
        "ref": "hkm/pic-jump-table-split-sections",
        "type": "git",
        "url": "https://github.com/stable-haskell/ghc"
      }
    },
    "root": {
      "inputs": {
        "ghc914-sh": "ghc914-sh"
      }
    }
  },
  "root": "root",
  "version": 7
}
