{
  "nodes": {
    "ghc967": {
      "flake": false,
      "locked": {
        "lastModified": 1740624264,
        "narHash": "sha256-2gLt3yKMnddXHepwi97eYUs9O+PycsS7nRI0yOtycKw=",
        "ref": "ghc-9.6.7-iog",
        "rev": "2b22b6ae69c94e721fde8af0108eb0feed97cc82",
        "revCount": 61113,
        "submodules": true,
        "type": "git",
        "url": "https://github.com/stable-haskell/ghc"
      },
      "original": {
        "ref": "ghc-9.6.7-iog",
        "submodules": true,
        "type": "git",
        "url": "https://github.com/stable-haskell/ghc"
      }
    },
    "root": {
      "inputs": {
        "ghc967": "ghc967"
      }
    }
  },
  "root": "root",
  "version": 7
}
