{
  "nodes": {
    "ghc911": {
      "flake": false,
      "locked": {
        "lastModified": 1718926152,
        "narHash": "sha256-/8JCzx83juIl0ZZ68sYsc2BxVNy4XPXaGRkLz6w535I=",
        "ref": "refs/heads/master",
        "rev": "c8a8727ef67a3212abbf9f928bef67dfef276adf",
        "revCount": 66999,
        "submodules": true,
        "type": "git",
        "url": "https://gitlab.haskell.org/ghc/ghc"
      },
      "original": {
        "submodules": true,
        "type": "git",
        "url": "https://gitlab.haskell.org/ghc/ghc"
      }
    },
    "root": {
      "inputs": {
        "ghc911": "ghc911"
      }
    }
  },
  "root": "root",
  "version": 7
}
