{
  "nodes": {
    "ghc911": {
      "flake": false,
      "locked": {
        "lastModified": 1729344855,
        "narHash": "sha256-ZrvRXbvmMwlma+2YW2aHfSKnWzkwU/TF+TSVGRNqomM=",
        "ref": "refs/heads/master",
        "rev": "a04959b8964c8d09897cfae1fd7b06ac53ebee95",
        "revCount": 67445,
        "submodules": true,
        "type": "git",
        "url": "https://gitlab.haskell.org/ghc/ghc"
      },
      "original": {
        "submodules": true,
        "type": "git",
        "url": "https://gitlab.haskell.org/ghc/ghc"
      }
    },
    "root": {
      "inputs": {
        "ghc911": "ghc911"
      }
    }
  },
  "root": "root",
  "version": 7
}
